// !$*UTF8*$!
{
	archiveVersion = 1;
	classes = {
	};
	objectVersion = 56;
	objects = {

/* Begin PBXBuildFile section */
		F3CF07A32AFA2EC6006B1F9C /* Hackaton_Nov_2023App.swift in Sources */ = {isa = PBXBuildFile; fileRef = F3CF07A22AFA2EC6006B1F9C /* Hackaton_Nov_2023App.swift */; };
		F3CF07A52AFA2EC6006B1F9C /* ContentView.swift in Sources */ = {isa = PBXBuildFile; fileRef = F3CF07A42AFA2EC6006B1F9C /* ContentView.swift */; };
		F3CF07A72AFA2EC6006B1F9C /* Item.swift in Sources */ = {isa = PBXBuildFile; fileRef = F3CF07A62AFA2EC6006B1F9C /* Item.swift */; };
		F3CF07A92AFA2EC7006B1F9C /* Assets.xcassets in Resources */ = {isa = PBXBuildFile; fileRef = F3CF07A82AFA2EC7006B1F9C /* Assets.xcassets */; };
		F3CF07AC2AFA2EC7006B1F9C /* Preview Assets.xcassets in Resources */ = {isa = PBXBuildFile; fileRef = F3CF07AB2AFA2EC7006B1F9C /* Preview Assets.xcassets */; };
		F3CF07B62AFA2EC7006B1F9C /* Hackaton_Nov_2023Tests.swift in Sources */ = {isa = PBXBuildFile; fileRef = F3CF07B52AFA2EC7006B1F9C /* Hackaton_Nov_2023Tests.swift */; };
		F3CF07C02AFA2EC8006B1F9C /* Hackaton_Nov_2023UITests.swift in Sources */ = {isa = PBXBuildFile; fileRef = F3CF07BF2AFA2EC8006B1F9C /* Hackaton_Nov_2023UITests.swift */; };
		F3CF07C22AFA2EC8006B1F9C /* Hackaton_Nov_2023UITestsLaunchTests.swift in Sources */ = {isa = PBXBuildFile; fileRef = F3CF07C12AFA2EC8006B1F9C /* Hackaton_Nov_2023UITestsLaunchTests.swift */; };
		F3CF07D02AFA339B006B1F9C /* CustomTabView.swift in Sources */ = {isa = PBXBuildFile; fileRef = F3CF07CF2AFA339B006B1F9C /* CustomTabView.swift */; };
		F3CF07D22AFA35C0006B1F9C /* CustomNavView.swift in Sources */ = {isa = PBXBuildFile; fileRef = F3CF07D12AFA35C0006B1F9C /* CustomNavView.swift */; };
		F3CF07D52AFA385C006B1F9C /* CaptureDataModel.swift in Sources */ = {isa = PBXBuildFile; fileRef = F3CF07D42AFA385C006B1F9C /* CaptureDataModel.swift */; };
		F3CF07D82AFA3C5C006B1F9C /* CaptureView.swift in Sources */ = {isa = PBXBuildFile; fileRef = F3CF07D72AFA3C5C006B1F9C /* CaptureView.swift */; };
		F3CF07DA2AFA4E11006B1F9C /* CaptureOverlayView.swift in Sources */ = {isa = PBXBuildFile; fileRef = F3CF07D92AFA4E11006B1F9C /* CaptureOverlayView.swift */; };
		F3CF07DD2AFA5500006B1F9C /* VisualEffectRoundedCorner.swift in Sources */ = {isa = PBXBuildFile; fileRef = F3CF07DC2AFA5500006B1F9C /* VisualEffectRoundedCorner.swift */; };
		F3CF07E02AFA6058006B1F9C /* BoundingBoxGuidanceView.swift in Sources */ = {isa = PBXBuildFile; fileRef = F3CF07DF2AFA6057006B1F9C /* BoundingBoxGuidanceView.swift */; };
		F3CF07E22AFA6363006B1F9C /* CaptureOverlayView+Buttons.swift in Sources */ = {isa = PBXBuildFile; fileRef = F3CF07E12AFA6363006B1F9C /* CaptureOverlayView+Buttons.swift */; };
		F3CF07E42AFA65F7006B1F9C /* CaptureDataModel+FileManager.swift in Sources */ = {isa = PBXBuildFile; fileRef = F3CF07E32AFA65F7006B1F9C /* CaptureDataModel+FileManager.swift */; };
/* End PBXBuildFile section */

/* Begin PBXContainerItemProxy section */
		F3CF07B22AFA2EC7006B1F9C /* PBXContainerItemProxy */ = {
			isa = PBXContainerItemProxy;
			containerPortal = F3CF07972AFA2EC6006B1F9C /* Project object */;
			proxyType = 1;
			remoteGlobalIDString = F3CF079E2AFA2EC6006B1F9C;
			remoteInfo = Hackaton_Nov_2023;
		};
		F3CF07BC2AFA2EC8006B1F9C /* PBXContainerItemProxy */ = {
			isa = PBXContainerItemProxy;
			containerPortal = F3CF07972AFA2EC6006B1F9C /* Project object */;
			proxyType = 1;
			remoteGlobalIDString = F3CF079E2AFA2EC6006B1F9C;
			remoteInfo = Hackaton_Nov_2023;
		};
/* End PBXContainerItemProxy section */

/* Begin PBXFileReference section */
		F3CF079F2AFA2EC6006B1F9C /* Hackaton_Nov_2023.app */ = {isa = PBXFileReference; explicitFileType = wrapper.application; includeInIndex = 0; path = Hackaton_Nov_2023.app; sourceTree = BUILT_PRODUCTS_DIR; };
		F3CF07A22AFA2EC6006B1F9C /* Hackaton_Nov_2023App.swift */ = {isa = PBXFileReference; lastKnownFileType = sourcecode.swift; path = Hackaton_Nov_2023App.swift; sourceTree = "<group>"; };
		F3CF07A42AFA2EC6006B1F9C /* ContentView.swift */ = {isa = PBXFileReference; lastKnownFileType = sourcecode.swift; path = ContentView.swift; sourceTree = "<group>"; };
		F3CF07A62AFA2EC6006B1F9C /* Item.swift */ = {isa = PBXFileReference; lastKnownFileType = sourcecode.swift; path = Item.swift; sourceTree = "<group>"; };
		F3CF07A82AFA2EC7006B1F9C /* Assets.xcassets */ = {isa = PBXFileReference; lastKnownFileType = folder.assetcatalog; path = Assets.xcassets; sourceTree = "<group>"; };
		F3CF07AB2AFA2EC7006B1F9C /* Preview Assets.xcassets */ = {isa = PBXFileReference; lastKnownFileType = folder.assetcatalog; path = "Preview Assets.xcassets"; sourceTree = "<group>"; };
		F3CF07B12AFA2EC7006B1F9C /* Hackaton_Nov_2023Tests.xctest */ = {isa = PBXFileReference; explicitFileType = wrapper.cfbundle; includeInIndex = 0; path = Hackaton_Nov_2023Tests.xctest; sourceTree = BUILT_PRODUCTS_DIR; };
		F3CF07B52AFA2EC7006B1F9C /* Hackaton_Nov_2023Tests.swift */ = {isa = PBXFileReference; lastKnownFileType = sourcecode.swift; path = Hackaton_Nov_2023Tests.swift; sourceTree = "<group>"; };
		F3CF07BB2AFA2EC8006B1F9C /* Hackaton_Nov_2023UITests.xctest */ = {isa = PBXFileReference; explicitFileType = wrapper.cfbundle; includeInIndex = 0; path = Hackaton_Nov_2023UITests.xctest; sourceTree = BUILT_PRODUCTS_DIR; };
		F3CF07BF2AFA2EC8006B1F9C /* Hackaton_Nov_2023UITests.swift */ = {isa = PBXFileReference; lastKnownFileType = sourcecode.swift; path = Hackaton_Nov_2023UITests.swift; sourceTree = "<group>"; };
		F3CF07C12AFA2EC8006B1F9C /* Hackaton_Nov_2023UITestsLaunchTests.swift */ = {isa = PBXFileReference; lastKnownFileType = sourcecode.swift; path = Hackaton_Nov_2023UITestsLaunchTests.swift; sourceTree = "<group>"; };
		F3CF07CF2AFA339B006B1F9C /* CustomTabView.swift */ = {isa = PBXFileReference; lastKnownFileType = sourcecode.swift; path = CustomTabView.swift; sourceTree = "<group>"; };
		F3CF07D12AFA35C0006B1F9C /* CustomNavView.swift */ = {isa = PBXFileReference; lastKnownFileType = sourcecode.swift; path = CustomNavView.swift; sourceTree = "<group>"; };
		F3CF07D42AFA385C006B1F9C /* CaptureDataModel.swift */ = {isa = PBXFileReference; lastKnownFileType = sourcecode.swift; path = CaptureDataModel.swift; sourceTree = "<group>"; };
		F3CF07D72AFA3C5C006B1F9C /* CaptureView.swift */ = {isa = PBXFileReference; lastKnownFileType = sourcecode.swift; path = CaptureView.swift; sourceTree = "<group>"; };
		F3CF07D92AFA4E11006B1F9C /* CaptureOverlayView.swift */ = {isa = PBXFileReference; lastKnownFileType = sourcecode.swift; path = CaptureOverlayView.swift; sourceTree = "<group>"; };
		F3CF07DC2AFA5500006B1F9C /* VisualEffectRoundedCorner.swift */ = {isa = PBXFileReference; lastKnownFileType = sourcecode.swift; path = VisualEffectRoundedCorner.swift; sourceTree = "<group>"; };
		F3CF07DF2AFA6057006B1F9C /* BoundingBoxGuidanceView.swift */ = {isa = PBXFileReference; lastKnownFileType = sourcecode.swift; path = BoundingBoxGuidanceView.swift; sourceTree = "<group>"; };
		F3CF07E12AFA6363006B1F9C /* CaptureOverlayView+Buttons.swift */ = {isa = PBXFileReference; lastKnownFileType = sourcecode.swift; path = "CaptureOverlayView+Buttons.swift"; sourceTree = "<group>"; };
		F3CF07E32AFA65F7006B1F9C /* CaptureDataModel+FileManager.swift */ = {isa = PBXFileReference; lastKnownFileType = sourcecode.swift; path = "CaptureDataModel+FileManager.swift"; sourceTree = "<group>"; };
/* End PBXFileReference section */

/* Begin PBXFrameworksBuildPhase section */
		F3CF079C2AFA2EC6006B1F9C /* Frameworks */ = {
			isa = PBXFrameworksBuildPhase;
			buildActionMask = 2147483647;
			files = (
			);
			runOnlyForDeploymentPostprocessing = 0;
		};
		F3CF07AE2AFA2EC7006B1F9C /* Frameworks */ = {
			isa = PBXFrameworksBuildPhase;
			buildActionMask = 2147483647;
			files = (
			);
			runOnlyForDeploymentPostprocessing = 0;
		};
		F3CF07B82AFA2EC8006B1F9C /* Frameworks */ = {
			isa = PBXFrameworksBuildPhase;
			buildActionMask = 2147483647;
			files = (
			);
			runOnlyForDeploymentPostprocessing = 0;
		};
/* End PBXFrameworksBuildPhase section */

/* Begin PBXGroup section */
		F3CF07962AFA2EC6006B1F9C = {
			isa = PBXGroup;
			children = (
				F3CF07A12AFA2EC6006B1F9C /* Hackaton_Nov_2023 */,
				F3CF07B42AFA2EC7006B1F9C /* Hackaton_Nov_2023Tests */,
				F3CF07BE2AFA2EC8006B1F9C /* Hackaton_Nov_2023UITests */,
				F3CF07A02AFA2EC6006B1F9C /* Products */,
			);
			sourceTree = "<group>";
		};
		F3CF07A02AFA2EC6006B1F9C /* Products */ = {
			isa = PBXGroup;
			children = (
				F3CF079F2AFA2EC6006B1F9C /* Hackaton_Nov_2023.app */,
				F3CF07B12AFA2EC7006B1F9C /* Hackaton_Nov_2023Tests.xctest */,
				F3CF07BB2AFA2EC8006B1F9C /* Hackaton_Nov_2023UITests.xctest */,
			);
			name = Products;
			sourceTree = "<group>";
		};
		F3CF07A12AFA2EC6006B1F9C /* Hackaton_Nov_2023 */ = {
			isa = PBXGroup;
			children = (
				F3CF07DE2AFA5BF2006B1F9C /* Components */,
				F3CF07DB2AFA54D7006B1F9C /* Modifiers */,
				F3CF07D62AFA3C41006B1F9C /* Views */,
				F3CF07D32AFA381A006B1F9C /* ViewModels */,
				F3CF07CE2AFA3384006B1F9C /* BarViews */,
				F3CF07A22AFA2EC6006B1F9C /* Hackaton_Nov_2023App.swift */,
				F3CF07A42AFA2EC6006B1F9C /* ContentView.swift */,
				F3CF07A62AFA2EC6006B1F9C /* Item.swift */,
				F3CF07A82AFA2EC7006B1F9C /* Assets.xcassets */,
				F3CF07AA2AFA2EC7006B1F9C /* Preview Content */,
			);
			path = Hackaton_Nov_2023;
			sourceTree = "<group>";
		};
		F3CF07AA2AFA2EC7006B1F9C /* Preview Content */ = {
			isa = PBXGroup;
			children = (
				F3CF07AB2AFA2EC7006B1F9C /* Preview Assets.xcassets */,
			);
			path = "Preview Content";
			sourceTree = "<group>";
		};
		F3CF07B42AFA2EC7006B1F9C /* Hackaton_Nov_2023Tests */ = {
			isa = PBXGroup;
			children = (
				F3CF07B52AFA2EC7006B1F9C /* Hackaton_Nov_2023Tests.swift */,
			);
			path = Hackaton_Nov_2023Tests;
			sourceTree = "<group>";
		};
		F3CF07BE2AFA2EC8006B1F9C /* Hackaton_Nov_2023UITests */ = {
			isa = PBXGroup;
			children = (
				F3CF07BF2AFA2EC8006B1F9C /* Hackaton_Nov_2023UITests.swift */,
				F3CF07C12AFA2EC8006B1F9C /* Hackaton_Nov_2023UITestsLaunchTests.swift */,
			);
			path = Hackaton_Nov_2023UITests;
			sourceTree = "<group>";
		};
		F3CF07CE2AFA3384006B1F9C /* BarViews */ = {
			isa = PBXGroup;
			children = (
				F3CF07CF2AFA339B006B1F9C /* CustomTabView.swift */,
				F3CF07D12AFA35C0006B1F9C /* CustomNavView.swift */,
			);
			path = BarViews;
			sourceTree = "<group>";
		};
		F3CF07D32AFA381A006B1F9C /* ViewModels */ = {
			isa = PBXGroup;
			children = (
				F3CF07D42AFA385C006B1F9C /* CaptureDataModel.swift */,
				F3CF07E32AFA65F7006B1F9C /* CaptureDataModel+FileManager.swift */,
			);
			path = ViewModels;
			sourceTree = "<group>";
		};
		F3CF07D62AFA3C41006B1F9C /* Views */ = {
			isa = PBXGroup;
			children = (
				F3CF07D72AFA3C5C006B1F9C /* CaptureView.swift */,
				F3CF07D92AFA4E11006B1F9C /* CaptureOverlayView.swift */,
				F3CF07DF2AFA6057006B1F9C /* BoundingBoxGuidanceView.swift */,
			);
			path = Views;
			sourceTree = "<group>";
		};
		F3CF07DB2AFA54D7006B1F9C /* Modifiers */ = {
			isa = PBXGroup;
			children = (
				F3CF07DC2AFA5500006B1F9C /* VisualEffectRoundedCorner.swift */,
			);
			path = Modifiers;
			sourceTree = "<group>";
		};
		F3CF07DE2AFA5BF2006B1F9C /* Components */ = {
			isa = PBXGroup;
			children = (
				F3CF07E12AFA6363006B1F9C /* CaptureOverlayView+Buttons.swift */,
			);
			path = Components;
			sourceTree = "<group>";
		};
/* End PBXGroup section */

/* Begin PBXNativeTarget section */
		F3CF079E2AFA2EC6006B1F9C /* Hackaton_Nov_2023 */ = {
			isa = PBXNativeTarget;
			buildConfigurationList = F3CF07C52AFA2EC8006B1F9C /* Build configuration list for PBXNativeTarget "Hackaton_Nov_2023" */;
			buildPhases = (
				F3CF079B2AFA2EC6006B1F9C /* Sources */,
				F3CF079C2AFA2EC6006B1F9C /* Frameworks */,
				F3CF079D2AFA2EC6006B1F9C /* Resources */,
			);
			buildRules = (
			);
			dependencies = (
			);
			name = Hackaton_Nov_2023;
			productName = Hackaton_Nov_2023;
			productReference = F3CF079F2AFA2EC6006B1F9C /* Hackaton_Nov_2023.app */;
			productType = "com.apple.product-type.application";
		};
		F3CF07B02AFA2EC7006B1F9C /* Hackaton_Nov_2023Tests */ = {
			isa = PBXNativeTarget;
			buildConfigurationList = F3CF07C82AFA2EC8006B1F9C /* Build configuration list for PBXNativeTarget "Hackaton_Nov_2023Tests" */;
			buildPhases = (
				F3CF07AD2AFA2EC7006B1F9C /* Sources */,
				F3CF07AE2AFA2EC7006B1F9C /* Frameworks */,
				F3CF07AF2AFA2EC7006B1F9C /* Resources */,
			);
			buildRules = (
			);
			dependencies = (
				F3CF07B32AFA2EC7006B1F9C /* PBXTargetDependency */,
			);
			name = Hackaton_Nov_2023Tests;
			productName = Hackaton_Nov_2023Tests;
			productReference = F3CF07B12AFA2EC7006B1F9C /* Hackaton_Nov_2023Tests.xctest */;
			productType = "com.apple.product-type.bundle.unit-test";
		};
		F3CF07BA2AFA2EC8006B1F9C /* Hackaton_Nov_2023UITests */ = {
			isa = PBXNativeTarget;
			buildConfigurationList = F3CF07CB2AFA2EC8006B1F9C /* Build configuration list for PBXNativeTarget "Hackaton_Nov_2023UITests" */;
			buildPhases = (
				F3CF07B72AFA2EC8006B1F9C /* Sources */,
				F3CF07B82AFA2EC8006B1F9C /* Frameworks */,
				F3CF07B92AFA2EC8006B1F9C /* Resources */,
			);
			buildRules = (
			);
			dependencies = (
				F3CF07BD2AFA2EC8006B1F9C /* PBXTargetDependency */,
			);
			name = Hackaton_Nov_2023UITests;
			productName = Hackaton_Nov_2023UITests;
			productReference = F3CF07BB2AFA2EC8006B1F9C /* Hackaton_Nov_2023UITests.xctest */;
			productType = "com.apple.product-type.bundle.ui-testing";
		};
/* End PBXNativeTarget section */

/* Begin PBXProject section */
		F3CF07972AFA2EC6006B1F9C /* Project object */ = {
			isa = PBXProject;
			attributes = {
				BuildIndependentTargetsInParallel = 1;
				LastSwiftUpdateCheck = 1500;
				LastUpgradeCheck = 1500;
				TargetAttributes = {
					F3CF079E2AFA2EC6006B1F9C = {
						CreatedOnToolsVersion = 15.0.1;
					};
					F3CF07B02AFA2EC7006B1F9C = {
						CreatedOnToolsVersion = 15.0.1;
						TestTargetID = F3CF079E2AFA2EC6006B1F9C;
					};
					F3CF07BA2AFA2EC8006B1F9C = {
						CreatedOnToolsVersion = 15.0.1;
						TestTargetID = F3CF079E2AFA2EC6006B1F9C;
					};
				};
			};
			buildConfigurationList = F3CF079A2AFA2EC6006B1F9C /* Build configuration list for PBXProject "Hackaton_Nov_2023" */;
			compatibilityVersion = "Xcode 14.0";
			developmentRegion = en;
			hasScannedForEncodings = 0;
			knownRegions = (
				en,
				Base,
			);
			mainGroup = F3CF07962AFA2EC6006B1F9C;
			productRefGroup = F3CF07A02AFA2EC6006B1F9C /* Products */;
			projectDirPath = "";
			projectRoot = "";
			targets = (
				F3CF079E2AFA2EC6006B1F9C /* Hackaton_Nov_2023 */,
				F3CF07B02AFA2EC7006B1F9C /* Hackaton_Nov_2023Tests */,
				F3CF07BA2AFA2EC8006B1F9C /* Hackaton_Nov_2023UITests */,
			);
		};
/* End PBXProject section */

/* Begin PBXResourcesBuildPhase section */
		F3CF079D2AFA2EC6006B1F9C /* Resources */ = {
			isa = PBXResourcesBuildPhase;
			buildActionMask = 2147483647;
			files = (
				F3CF07AC2AFA2EC7006B1F9C /* Preview Assets.xcassets in Resources */,
				F3CF07A92AFA2EC7006B1F9C /* Assets.xcassets in Resources */,
			);
			runOnlyForDeploymentPostprocessing = 0;
		};
		F3CF07AF2AFA2EC7006B1F9C /* Resources */ = {
			isa = PBXResourcesBuildPhase;
			buildActionMask = 2147483647;
			files = (
			);
			runOnlyForDeploymentPostprocessing = 0;
		};
		F3CF07B92AFA2EC8006B1F9C /* Resources */ = {
			isa = PBXResourcesBuildPhase;
			buildActionMask = 2147483647;
			files = (
			);
			runOnlyForDeploymentPostprocessing = 0;
		};
/* End PBXResourcesBuildPhase section */

/* Begin PBXSourcesBuildPhase section */
		F3CF079B2AFA2EC6006B1F9C /* Sources */ = {
			isa = PBXSourcesBuildPhase;
			buildActionMask = 2147483647;
			files = (
				F3CF07A52AFA2EC6006B1F9C /* ContentView.swift in Sources */,
				F3CF07A72AFA2EC6006B1F9C /* Item.swift in Sources */,
				F3CF07DD2AFA5500006B1F9C /* VisualEffectRoundedCorner.swift in Sources */,
				F3CF07D82AFA3C5C006B1F9C /* CaptureView.swift in Sources */,
				F3CF07D52AFA385C006B1F9C /* CaptureDataModel.swift in Sources */,
				F3CF07DA2AFA4E11006B1F9C /* CaptureOverlayView.swift in Sources */,
				F3CF07E42AFA65F7006B1F9C /* CaptureDataModel+FileManager.swift in Sources */,
				F3CF07E02AFA6058006B1F9C /* BoundingBoxGuidanceView.swift in Sources */,
				F3CF07D22AFA35C0006B1F9C /* CustomNavView.swift in Sources */,
				F3CF07D02AFA339B006B1F9C /* CustomTabView.swift in Sources */,
				F3CF07E22AFA6363006B1F9C /* CaptureOverlayView+Buttons.swift in Sources */,
				F3CF07A32AFA2EC6006B1F9C /* Hackaton_Nov_2023App.swift in Sources */,
			);
			runOnlyForDeploymentPostprocessing = 0;
		};
		F3CF07AD2AFA2EC7006B1F9C /* Sources */ = {
			isa = PBXSourcesBuildPhase;
			buildActionMask = 2147483647;
			files = (
				F3CF07B62AFA2EC7006B1F9C /* Hackaton_Nov_2023Tests.swift in Sources */,
			);
			runOnlyForDeploymentPostprocessing = 0;
		};
		F3CF07B72AFA2EC8006B1F9C /* Sources */ = {
			isa = PBXSourcesBuildPhase;
			buildActionMask = 2147483647;
			files = (
				F3CF07C22AFA2EC8006B1F9C /* Hackaton_Nov_2023UITestsLaunchTests.swift in Sources */,
				F3CF07C02AFA2EC8006B1F9C /* Hackaton_Nov_2023UITests.swift in Sources */,
			);
			runOnlyForDeploymentPostprocessing = 0;
		};
/* End PBXSourcesBuildPhase section */

/* Begin PBXTargetDependency section */
		F3CF07B32AFA2EC7006B1F9C /* PBXTargetDependency */ = {
			isa = PBXTargetDependency;
			target = F3CF079E2AFA2EC6006B1F9C /* Hackaton_Nov_2023 */;
			targetProxy = F3CF07B22AFA2EC7006B1F9C /* PBXContainerItemProxy */;
		};
		F3CF07BD2AFA2EC8006B1F9C /* PBXTargetDependency */ = {
			isa = PBXTargetDependency;
			target = F3CF079E2AFA2EC6006B1F9C /* Hackaton_Nov_2023 */;
			targetProxy = F3CF07BC2AFA2EC8006B1F9C /* PBXContainerItemProxy */;
		};
/* End PBXTargetDependency section */

/* Begin XCBuildConfiguration section */
		F3CF07C32AFA2EC8006B1F9C /* Debug */ = {
			isa = XCBuildConfiguration;
			buildSettings = {
				ALWAYS_SEARCH_USER_PATHS = NO;
				ASSETCATALOG_COMPILER_GENERATE_SWIFT_ASSET_SYMBOL_EXTENSIONS = YES;
				CLANG_ANALYZER_NONNULL = YES;
				CLANG_ANALYZER_NUMBER_OBJECT_CONVERSION = YES_AGGRESSIVE;
				CLANG_CXX_LANGUAGE_STANDARD = "gnu++20";
				CLANG_ENABLE_MODULES = YES;
				CLANG_ENABLE_OBJC_ARC = YES;
				CLANG_ENABLE_OBJC_WEAK = YES;
				CLANG_WARN_BLOCK_CAPTURE_AUTORELEASING = YES;
				CLANG_WARN_BOOL_CONVERSION = YES;
				CLANG_WARN_COMMA = YES;
				CLANG_WARN_CONSTANT_CONVERSION = YES;
				CLANG_WARN_DEPRECATED_OBJC_IMPLEMENTATIONS = YES;
				CLANG_WARN_DIRECT_OBJC_ISA_USAGE = YES_ERROR;
				CLANG_WARN_DOCUMENTATION_COMMENTS = YES;
				CLANG_WARN_EMPTY_BODY = YES;
				CLANG_WARN_ENUM_CONVERSION = YES;
				CLANG_WARN_INFINITE_RECURSION = YES;
				CLANG_WARN_INT_CONVERSION = YES;
				CLANG_WARN_NON_LITERAL_NULL_CONVERSION = YES;
				CLANG_WARN_OBJC_IMPLICIT_RETAIN_SELF = YES;
				CLANG_WARN_OBJC_LITERAL_CONVERSION = YES;
				CLANG_WARN_OBJC_ROOT_CLASS = YES_ERROR;
				CLANG_WARN_QUOTED_INCLUDE_IN_FRAMEWORK_HEADER = YES;
				CLANG_WARN_RANGE_LOOP_ANALYSIS = YES;
				CLANG_WARN_STRICT_PROTOTYPES = YES;
				CLANG_WARN_SUSPICIOUS_MOVE = YES;
				CLANG_WARN_UNGUARDED_AVAILABILITY = YES_AGGRESSIVE;
				CLANG_WARN_UNREACHABLE_CODE = YES;
				CLANG_WARN__DUPLICATE_METHOD_MATCH = YES;
				COPY_PHASE_STRIP = NO;
				DEBUG_INFORMATION_FORMAT = dwarf;
				ENABLE_STRICT_OBJC_MSGSEND = YES;
				ENABLE_TESTABILITY = YES;
				ENABLE_USER_SCRIPT_SANDBOXING = YES;
				GCC_C_LANGUAGE_STANDARD = gnu17;
				GCC_DYNAMIC_NO_PIC = NO;
				GCC_NO_COMMON_BLOCKS = YES;
				GCC_OPTIMIZATION_LEVEL = 0;
				GCC_PREPROCESSOR_DEFINITIONS = (
					"DEBUG=1",
					"$(inherited)",
				);
				GCC_WARN_64_TO_32_BIT_CONVERSION = YES;
				GCC_WARN_ABOUT_RETURN_TYPE = YES_ERROR;
				GCC_WARN_UNDECLARED_SELECTOR = YES;
				GCC_WARN_UNINITIALIZED_AUTOS = YES_AGGRESSIVE;
				GCC_WARN_UNUSED_FUNCTION = YES;
				GCC_WARN_UNUSED_VARIABLE = YES;
				IPHONEOS_DEPLOYMENT_TARGET = 17.0;
				LOCALIZATION_PREFERS_STRING_CATALOGS = YES;
				MTL_ENABLE_DEBUG_INFO = INCLUDE_SOURCE;
				MTL_FAST_MATH = YES;
				ONLY_ACTIVE_ARCH = YES;
				SDKROOT = iphoneos;
				SWIFT_ACTIVE_COMPILATION_CONDITIONS = "DEBUG $(inherited)";
				SWIFT_OPTIMIZATION_LEVEL = "-Onone";
			};
			name = Debug;
		};
		F3CF07C42AFA2EC8006B1F9C /* Release */ = {
			isa = XCBuildConfiguration;
			buildSettings = {
				ALWAYS_SEARCH_USER_PATHS = NO;
				ASSETCATALOG_COMPILER_GENERATE_SWIFT_ASSET_SYMBOL_EXTENSIONS = YES;
				CLANG_ANALYZER_NONNULL = YES;
				CLANG_ANALYZER_NUMBER_OBJECT_CONVERSION = YES_AGGRESSIVE;
				CLANG_CXX_LANGUAGE_STANDARD = "gnu++20";
				CLANG_ENABLE_MODULES = YES;
				CLANG_ENABLE_OBJC_ARC = YES;
				CLANG_ENABLE_OBJC_WEAK = YES;
				CLANG_WARN_BLOCK_CAPTURE_AUTORELEASING = YES;
				CLANG_WARN_BOOL_CONVERSION = YES;
				CLANG_WARN_COMMA = YES;
				CLANG_WARN_CONSTANT_CONVERSION = YES;
				CLANG_WARN_DEPRECATED_OBJC_IMPLEMENTATIONS = YES;
				CLANG_WARN_DIRECT_OBJC_ISA_USAGE = YES_ERROR;
				CLANG_WARN_DOCUMENTATION_COMMENTS = YES;
				CLANG_WARN_EMPTY_BODY = YES;
				CLANG_WARN_ENUM_CONVERSION = YES;
				CLANG_WARN_INFINITE_RECURSION = YES;
				CLANG_WARN_INT_CONVERSION = YES;
				CLANG_WARN_NON_LITERAL_NULL_CONVERSION = YES;
				CLANG_WARN_OBJC_IMPLICIT_RETAIN_SELF = YES;
				CLANG_WARN_OBJC_LITERAL_CONVERSION = YES;
				CLANG_WARN_OBJC_ROOT_CLASS = YES_ERROR;
				CLANG_WARN_QUOTED_INCLUDE_IN_FRAMEWORK_HEADER = YES;
				CLANG_WARN_RANGE_LOOP_ANALYSIS = YES;
				CLANG_WARN_STRICT_PROTOTYPES = YES;
				CLANG_WARN_SUSPICIOUS_MOVE = YES;
				CLANG_WARN_UNGUARDED_AVAILABILITY = YES_AGGRESSIVE;
				CLANG_WARN_UNREACHABLE_CODE = YES;
				CLANG_WARN__DUPLICATE_METHOD_MATCH = YES;
				COPY_PHASE_STRIP = NO;
				DEBUG_INFORMATION_FORMAT = "dwarf-with-dsym";
				ENABLE_NS_ASSERTIONS = NO;
				ENABLE_STRICT_OBJC_MSGSEND = YES;
				ENABLE_USER_SCRIPT_SANDBOXING = YES;
				GCC_C_LANGUAGE_STANDARD = gnu17;
				GCC_NO_COMMON_BLOCKS = YES;
				GCC_WARN_64_TO_32_BIT_CONVERSION = YES;
				GCC_WARN_ABOUT_RETURN_TYPE = YES_ERROR;
				GCC_WARN_UNDECLARED_SELECTOR = YES;
				GCC_WARN_UNINITIALIZED_AUTOS = YES_AGGRESSIVE;
				GCC_WARN_UNUSED_FUNCTION = YES;
				GCC_WARN_UNUSED_VARIABLE = YES;
				IPHONEOS_DEPLOYMENT_TARGET = 17.0;
				LOCALIZATION_PREFERS_STRING_CATALOGS = YES;
				MTL_ENABLE_DEBUG_INFO = NO;
				MTL_FAST_MATH = YES;
				SDKROOT = iphoneos;
				SWIFT_COMPILATION_MODE = wholemodule;
				VALIDATE_PRODUCT = YES;
			};
			name = Release;
		};
		F3CF07C62AFA2EC8006B1F9C /* Debug */ = {
			isa = XCBuildConfiguration;
			buildSettings = {
				ASSETCATALOG_COMPILER_APPICON_NAME = AppIcon;
				ASSETCATALOG_COMPILER_GLOBAL_ACCENT_COLOR_NAME = AccentColor;
				CODE_SIGN_STYLE = Automatic;
				CURRENT_PROJECT_VERSION = 1;
				DEVELOPMENT_ASSET_PATHS = "\"Hackaton_Nov_2023/Preview Content\"";
				DEVELOPMENT_TEAM = 85WNM5K6G9;
				ENABLE_PREVIEWS = YES;
				GENERATE_INFOPLIST_FILE = YES;
				INFOPLIST_KEY_NSCameraUsageDescription = "Give me camera !";
				INFOPLIST_KEY_UIApplicationSceneManifest_Generation = YES;
				INFOPLIST_KEY_UIApplicationSupportsIndirectInputEvents = YES;
				INFOPLIST_KEY_UILaunchScreen_Generation = YES;
				INFOPLIST_KEY_UISupportedInterfaceOrientations_iPad = "UIInterfaceOrientationPortrait UIInterfaceOrientationPortraitUpsideDown UIInterfaceOrientationLandscapeLeft UIInterfaceOrientationLandscapeRight";
				INFOPLIST_KEY_UISupportedInterfaceOrientations_iPhone = "UIInterfaceOrientationPortrait UIInterfaceOrientationLandscapeLeft UIInterfaceOrientationLandscapeRight";
				LD_RUNPATH_SEARCH_PATHS = (
					"$(inherited)",
					"@executable_path/Frameworks",
				);
				MARKETING_VERSION = 1.0;
				PRODUCT_BUNDLE_IDENTIFIER = "be.mirodeon.Hackaton-Nov-2023";
				PRODUCT_NAME = "$(TARGET_NAME)";
				SWIFT_EMIT_LOC_STRINGS = YES;
				SWIFT_VERSION = 5.0;
				TARGETED_DEVICE_FAMILY = "1,2";
			};
			name = Debug;
		};
		F3CF07C72AFA2EC8006B1F9C /* Release */ = {
			isa = XCBuildConfiguration;
			buildSettings = {
				ASSETCATALOG_COMPILER_APPICON_NAME = AppIcon;
				ASSETCATALOG_COMPILER_GLOBAL_ACCENT_COLOR_NAME = AccentColor;
				CODE_SIGN_STYLE = Automatic;
				CURRENT_PROJECT_VERSION = 1;
				DEVELOPMENT_ASSET_PATHS = "\"Hackaton_Nov_2023/Preview Content\"";
				DEVELOPMENT_TEAM = 85WNM5K6G9;
				ENABLE_PREVIEWS = YES;
				GENERATE_INFOPLIST_FILE = YES;
				INFOPLIST_KEY_NSCameraUsageDescription = "Give me camera !";
				INFOPLIST_KEY_UIApplicationSceneManifest_Generation = YES;
				INFOPLIST_KEY_UIApplicationSupportsIndirectInputEvents = YES;
				INFOPLIST_KEY_UILaunchScreen_Generation = YES;
				INFOPLIST_KEY_UISupportedInterfaceOrientations_iPad = "UIInterfaceOrientationPortrait UIInterfaceOrientationPortraitUpsideDown UIInterfaceOrientationLandscapeLeft UIInterfaceOrientationLandscapeRight";
				INFOPLIST_KEY_UISupportedInterfaceOrientations_iPhone = "UIInterfaceOrientationPortrait UIInterfaceOrientationLandscapeLeft UIInterfaceOrientationLandscapeRight";
				LD_RUNPATH_SEARCH_PATHS = (
					"$(inherited)",
					"@executable_path/Frameworks",
				);
				MARKETING_VERSION = 1.0;
				PRODUCT_BUNDLE_IDENTIFIER = "be.mirodeon.Hackaton-Nov-2023";
				PRODUCT_NAME = "$(TARGET_NAME)";
				SWIFT_EMIT_LOC_STRINGS = YES;
				SWIFT_VERSION = 5.0;
				TARGETED_DEVICE_FAMILY = "1,2";
			};
			name = Release;
		};
		F3CF07C92AFA2EC8006B1F9C /* Debug */ = {
			isa = XCBuildConfiguration;
			buildSettings = {
				ALWAYS_EMBED_SWIFT_STANDARD_LIBRARIES = YES;
				BUNDLE_LOADER = "$(TEST_HOST)";
				CODE_SIGN_STYLE = Automatic;
				CURRENT_PROJECT_VERSION = 1;
				GENERATE_INFOPLIST_FILE = YES;
				IPHONEOS_DEPLOYMENT_TARGET = 17.0;
				MARKETING_VERSION = 1.0;
				PRODUCT_BUNDLE_IDENTIFIER = "be.mirodeon.Hackaton-Nov-2023Tests";
				PRODUCT_NAME = "$(TARGET_NAME)";
				SWIFT_EMIT_LOC_STRINGS = NO;
				SWIFT_VERSION = 5.0;
				TARGETED_DEVICE_FAMILY = "1,2";
				TEST_HOST = "$(BUILT_PRODUCTS_DIR)/Hackaton_Nov_2023.app/$(BUNDLE_EXECUTABLE_FOLDER_PATH)/Hackaton_Nov_2023";
			};
			name = Debug;
		};
		F3CF07CA2AFA2EC8006B1F9C /* Release */ = {
			isa = XCBuildConfiguration;
			buildSettings = {
				ALWAYS_EMBED_SWIFT_STANDARD_LIBRARIES = YES;
				BUNDLE_LOADER = "$(TEST_HOST)";
				CODE_SIGN_STYLE = Automatic;
				CURRENT_PROJECT_VERSION = 1;
				GENERATE_INFOPLIST_FILE = YES;
				IPHONEOS_DEPLOYMENT_TARGET = 17.0;
				MARKETING_VERSION = 1.0;
				PRODUCT_BUNDLE_IDENTIFIER = "be.mirodeon.Hackaton-Nov-2023Tests";
				PRODUCT_NAME = "$(TARGET_NAME)";
				SWIFT_EMIT_LOC_STRINGS = NO;
				SWIFT_VERSION = 5.0;
				TARGETED_DEVICE_FAMILY = "1,2";
				TEST_HOST = "$(BUILT_PRODUCTS_DIR)/Hackaton_Nov_2023.app/$(BUNDLE_EXECUTABLE_FOLDER_PATH)/Hackaton_Nov_2023";
			};
			name = Release;
		};
		F3CF07CC2AFA2EC8006B1F9C /* Debug */ = {
			isa = XCBuildConfiguration;
			buildSettings = {
				ALWAYS_EMBED_SWIFT_STANDARD_LIBRARIES = YES;
				CODE_SIGN_STYLE = Automatic;
				CURRENT_PROJECT_VERSION = 1;
				GENERATE_INFOPLIST_FILE = YES;
				MARKETING_VERSION = 1.0;
				PRODUCT_BUNDLE_IDENTIFIER = "be.mirodeon.Hackaton-Nov-2023UITests";
				PRODUCT_NAME = "$(TARGET_NAME)";
				SWIFT_EMIT_LOC_STRINGS = NO;
				SWIFT_VERSION = 5.0;
				TARGETED_DEVICE_FAMILY = "1,2";
				TEST_TARGET_NAME = Hackaton_Nov_2023;
			};
			name = Debug;
		};
		F3CF07CD2AFA2EC8006B1F9C /* Release */ = {
			isa = XCBuildConfiguration;
			buildSettings = {
				ALWAYS_EMBED_SWIFT_STANDARD_LIBRARIES = YES;
				CODE_SIGN_STYLE = Automatic;
				CURRENT_PROJECT_VERSION = 1;
				GENERATE_INFOPLIST_FILE = YES;
				MARKETING_VERSION = 1.0;
				PRODUCT_BUNDLE_IDENTIFIER = "be.mirodeon.Hackaton-Nov-2023UITests";
				PRODUCT_NAME = "$(TARGET_NAME)";
				SWIFT_EMIT_LOC_STRINGS = NO;
				SWIFT_VERSION = 5.0;
				TARGETED_DEVICE_FAMILY = "1,2";
				TEST_TARGET_NAME = Hackaton_Nov_2023;
			};
			name = Release;
		};
/* End XCBuildConfiguration section */

/* Begin XCConfigurationList section */
		F3CF079A2AFA2EC6006B1F9C /* Build configuration list for PBXProject "Hackaton_Nov_2023" */ = {
			isa = XCConfigurationList;
			buildConfigurations = (
				F3CF07C32AFA2EC8006B1F9C /* Debug */,
				F3CF07C42AFA2EC8006B1F9C /* Release */,
			);
			defaultConfigurationIsVisible = 0;
			defaultConfigurationName = Release;
		};
		F3CF07C52AFA2EC8006B1F9C /* Build configuration list for PBXNativeTarget "Hackaton_Nov_2023" */ = {
			isa = XCConfigurationList;
			buildConfigurations = (
				F3CF07C62AFA2EC8006B1F9C /* Debug */,
				F3CF07C72AFA2EC8006B1F9C /* Release */,
			);
			defaultConfigurationIsVisible = 0;
			defaultConfigurationName = Release;
		};
		F3CF07C82AFA2EC8006B1F9C /* Build configuration list for PBXNativeTarget "Hackaton_Nov_2023Tests" */ = {
			isa = XCConfigurationList;
			buildConfigurations = (
				F3CF07C92AFA2EC8006B1F9C /* Debug */,
				F3CF07CA2AFA2EC8006B1F9C /* Release */,
			);
			defaultConfigurationIsVisible = 0;
			defaultConfigurationName = Release;
		};
		F3CF07CB2AFA2EC8006B1F9C /* Build configuration list for PBXNativeTarget "Hackaton_Nov_2023UITests" */ = {
			isa = XCConfigurationList;
			buildConfigurations = (
				F3CF07CC2AFA2EC8006B1F9C /* Debug */,
				F3CF07CD2AFA2EC8006B1F9C /* Release */,
			);
			defaultConfigurationIsVisible = 0;
			defaultConfigurationName = Release;
		};
/* End XCConfigurationList section */
	};
	rootObject = F3CF07972AFA2EC6006B1F9C /* Project object */;
}
